
Microsoft Visual Studio Solution File, Format Version 12.00
# Visual Studio Version 16
VisualStudioVersion = 16.0.28803.452
MinimumVisualStudioVersion = 10.0.40219.1
Project("{FAE04EC0-301F-11D3-BF4B-00C04F79EFBC}") = "Hello", "Hello\Hello.csproj", "{C27396FE-B67E-41A4-BB59-4DEB696D1205}"
EndProject
Project("{FAE04EC0-301F-11D3-BF4B-00C04F79EFBC}") = "StudentDiary", "StudentDiary\StudentDiary.csproj", "{32EB3BB8-8E2B-45B4-A320-5B3B43E32280}"
EndProject
Global
	GlobalSection(SolutionConfigurationPlatforms) = preSolution
		Debug|Any CPU = Debug|Any CPU
		Release|Any CPU = Release|Any CPU
	EndGlobalSection
	GlobalSection(ProjectConfigurationPlatforms) = postSolution
		{C27396FE-B67E-41A4-BB59-4DEB696D1205}.Debug|Any CPU.ActiveCfg = Debug|Any CPU
		{C27396FE-B67E-41A4-BB59-4DEB696D1205}.Debug|Any CPU.Build.0 = Debug|Any CPU
		{C27396FE-B67E-41A4-BB59-4DEB696D1205}.Release|Any CPU.ActiveCfg = Release|Any CPU
		{C27396FE-B67E-41A4-BB59-4DEB696D1205}.Release|Any CPU.Build.0 = Release|Any CPU
		{32EB3BB8-8E2B-45B4-A320-5B3B43E32280}.Debug|Any CPU.ActiveCfg = Debug|Any CPU
		{32EB3BB8-8E2B-45B4-A320-5B3B43E32280}.Debug|Any CPU.Build.0 = Debug|Any CPU
		{32EB3BB8-8E2B-45B4-A320-5B3B43E32280}.Release|Any CPU.ActiveCfg = Release|Any CPU
		{32EB3BB8-8E2B-45B4-A320-5B3B43E32280}.Release|Any CPU.Build.0 = Release|Any CPU
	EndGlobalSection
	GlobalSection(SolutionProperties) = preSolution
		HideSolutionNode = FALSE
	EndGlobalSection
	GlobalSection(ExtensibilityGlobals) = postSolution
		SolutionGuid = {D4DC2687-DAC1-4DC7-BB71-9BA622A53A9C}
	EndGlobalSection
EndGlobal
